// !$*UTF8*$!
{
	archiveVersion = 1;
	classes = {
	};
	objectVersion = 46;
	objects = {

/* Begin PBXBuildFile section */
		5B03683317617EE00050A4FF /* hat.png in Resources */ = {isa = PBXBuildFile; fileRef = 5B03683217617EE00050A4FF /* hat.png */; };
		5B0368351761888E0050A4FF /* shoe.png in Resources */ = {isa = PBXBuildFile; fileRef = 5B0368341761888E0050A4FF /* shoe.png */; };
		5B25C0FF17658D6A006F7096 /* PassthroughView.m in Sources */ = {isa = PBXBuildFile; fileRef = 5B25C0FE17658D6A006F7096 /* PassthroughView.m */; };
		5B2C88F81760A48E002591CF /* StaticView.m in Sources */ = {isa = PBXBuildFile; fileRef = 5B2C88F71760A48E002591CF /* StaticView.m */; };
		5B2C88FB1760A6D7002591CF /* ContentReceiverView.m in Sources */ = {isa = PBXBuildFile; fileRef = 5B2C88FA1760A6D7002591CF /* ContentReceiverView.m */; };
		5B2C88FE1760A86E002591CF /* DragableStaticContainer.m in Sources */ = {isa = PBXBuildFile; fileRef = 5B2C88FD1760A86E002591CF /* DragableStaticContainer.m */; };
		5B2EEEA8175F331B00CAD4AF /* UIKit.framework in Frameworks */ = {isa = PBXBuildFile; fileRef = 5B2EEEA7175F331B00CAD4AF /* UIKit.framework */; };
		5B2EEEAA175F331B00CAD4AF /* Foundation.framework in Frameworks */ = {isa = PBXBuildFile; fileRef = 5B2EEEA9175F331B00CAD4AF /* Foundation.framework */; };
		5B2EEEAC175F331B00CAD4AF /* CoreGraphics.framework in Frameworks */ = {isa = PBXBuildFile; fileRef = 5B2EEEAB175F331B00CAD4AF /* CoreGraphics.framework */; };
		5B2EEEB2175F331B00CAD4AF /* InfoPlist.strings in Resources */ = {isa = PBXBuildFile; fileRef = 5B2EEEB0175F331B00CAD4AF /* InfoPlist.strings */; };
		5B2EEEB4175F331B00CAD4AF /* main.m in Sources */ = {isa = PBXBuildFile; fileRef = 5B2EEEB3175F331B00CAD4AF /* main.m */; };
		5B2EEEB8175F331B00CAD4AF /* AppDelegate.m in Sources */ = {isa = PBXBuildFile; fileRef = 5B2EEEB7175F331B00CAD4AF /* AppDelegate.m */; };
		5B2EEEBA175F331B00CAD4AF /* Default.png in Resources */ = {isa = PBXBuildFile; fileRef = 5B2EEEB9175F331B00CAD4AF /* Default.png */; };
		5B2EEEBC175F331B00CAD4AF /* Default@2x.png in Resources */ = {isa = PBXBuildFile; fileRef = 5B2EEEBB175F331B00CAD4AF /* Default@2x.png */; };
		5B2EEEBE175F331B00CAD4AF /* Default-568h@2x.png in Resources */ = {isa = PBXBuildFile; fileRef = 5B2EEEBD175F331B00CAD4AF /* Default-568h@2x.png */; };
		5B2EEEC1175F331B00CAD4AF /* ViewController.m in Sources */ = {isa = PBXBuildFile; fileRef = 5B2EEEC0175F331B00CAD4AF /* ViewController.m */; };
		5B2EEEC4175F331B00CAD4AF /* ViewController_iPhone.xib in Resources */ = {isa = PBXBuildFile; fileRef = 5B2EEEC2175F331B00CAD4AF /* ViewController_iPhone.xib */; };
		5B2EEEC7175F331B00CAD4AF /* ViewController_iPad.xib in Resources */ = {isa = PBXBuildFile; fileRef = 5B2EEEC5175F331B00CAD4AF /* ViewController_iPad.xib */; };
		5B2EEED3175F36F500CAD4AF /* DragableListVC.m in Sources */ = {isa = PBXBuildFile; fileRef = 5B2EEED2175F36F500CAD4AF /* DragableListVC.m */; };
		5B2EEED6175F3D5F00CAD4AF /* DragableView.m in Sources */ = {isa = PBXBuildFile; fileRef = 5B2EEED5175F3D5F00CAD4AF /* DragableView.m */; };
		5B2EEED9175F476200CAD4AF /* DragDropManagerVC.m in Sources */ = {isa = PBXBuildFile; fileRef = 5B2EEED8175F476200CAD4AF /* DragDropManagerVC.m */; };
		5B670AC01769B9EB0006BC96 /* EnableDisableView.m in Sources */ = {isa = PBXBuildFile; fileRef = 5B670ABF1769B9EB0006BC96 /* EnableDisableView.m */; };
		5B832B5C176EDB45002A7BD3 /* bottom-disable@2x~ipad.png in Resources */ = {isa = PBXBuildFile; fileRef = 5B832B51176EDB45002A7BD3 /* bottom-disable@2x~ipad.png */; };
		5B832B5D176EDB45002A7BD3 /* middle-disable@2x~ipad.png in Resources */ = {isa = PBXBuildFile; fileRef = 5B832B52176EDB45002A7BD3 /* middle-disable@2x~ipad.png */; };
		5B832B5E176EDB45002A7BD3 /* top-disable@2x~ipad.png in Resources */ = {isa = PBXBuildFile; fileRef = 5B832B53176EDB45002A7BD3 /* top-disable@2x~ipad.png */; };
		5B832B5F176EDB45002A7BD3 /* bottom-enable@2x~ipad.png in Resources */ = {isa = PBXBuildFile; fileRef = 5B832B55176EDB45002A7BD3 /* bottom-enable@2x~ipad.png */; };
		5B832B60176EDB45002A7BD3 /* middle-enable@2x~ipad.png in Resources */ = {isa = PBXBuildFile; fileRef = 5B832B56176EDB45002A7BD3 /* middle-enable@2x~ipad.png */; };
		5B832B61176EDB45002A7BD3 /* top-enable@2x~ipad.png in Resources */ = {isa = PBXBuildFile; fileRef = 5B832B57176EDB45002A7BD3 /* top-enable@2x~ipad.png */; };
		5B832B62176EDB45002A7BD3 /* bottom-normal@2x~ipad.png in Resources */ = {isa = PBXBuildFile; fileRef = 5B832B59176EDB45002A7BD3 /* bottom-normal@2x~ipad.png */; };
		5B832B63176EDB45002A7BD3 /* middle-normal@2x~ipad.png in Resources */ = {isa = PBXBuildFile; fileRef = 5B832B5A176EDB45002A7BD3 /* middle-normal@2x~ipad.png */; };
		5B832B64176EDB45002A7BD3 /* top-normal@2x~ipad.png in Resources */ = {isa = PBXBuildFile; fileRef = 5B832B5B176EDB45002A7BD3 /* top-normal@2x~ipad.png */; };
		5B9676BD176ADF87006873AD /* LabelScalableView.m in Sources */ = {isa = PBXBuildFile; fileRef = 5B9676BC176ADF87006873AD /* LabelScalableView.m */; };
		5B9676C0176AEF32006873AD /* ImageScalableView.m in Sources */ = {isa = PBXBuildFile; fileRef = 5B9676BF176AEF32006873AD /* ImageScalableView.m */; };
		5BCD2CA3175F528D00EA9299 /* doduck.png in Resources */ = {isa = PBXBuildFile; fileRef = 5BCD2CA2175F528D00EA9299 /* doduck.png */; };
		5BCD2CA6175F53ED00EA9299 /* MultiZoneVC.m in Sources */ = {isa = PBXBuildFile; fileRef = 5BCD2CA5175F53ED00EA9299 /* MultiZoneVC.m */; };
		5BE08D05176038E50037658D /* ZoneView.m in Sources */ = {isa = PBXBuildFile; fileRef = 5BE08D04176038E50037658D /* ZoneView.m */; };
/* End PBXBuildFile section */

/* Begin PBXFileReference section */
		5B03683217617EE00050A4FF /* hat.png */ = {isa = PBXFileReference; lastKnownFileType = image.png; path = hat.png; sourceTree = "<group>"; };
		5B0368341761888E0050A4FF /* shoe.png */ = {isa = PBXFileReference; lastKnownFileType = image.png; path = shoe.png; sourceTree = "<group>"; };
		5B25C0FD17658D6A006F7096 /* PassthroughView.h */ = {isa = PBXFileReference; fileEncoding = 4; lastKnownFileType = sourcecode.c.h; path = PassthroughView.h; sourceTree = "<group>"; };
		5B25C0FE17658D6A006F7096 /* PassthroughView.m */ = {isa = PBXFileReference; fileEncoding = 4; lastKnownFileType = sourcecode.c.objc; path = PassthroughView.m; sourceTree = "<group>"; };
		5B2C88F61760A48E002591CF /* StaticView.h */ = {isa = PBXFileReference; fileEncoding = 4; lastKnownFileType = sourcecode.c.h; path = StaticView.h; sourceTree = "<group>"; };
		5B2C88F71760A48E002591CF /* StaticView.m */ = {isa = PBXFileReference; fileEncoding = 4; lastKnownFileType = sourcecode.c.objc; path = StaticView.m; sourceTree = "<group>"; };
		5B2C88F91760A6D7002591CF /* ContentReceiverView.h */ = {isa = PBXFileReference; fileEncoding = 4; lastKnownFileType = sourcecode.c.h; path = ContentReceiverView.h; sourceTree = "<group>"; };
		5B2C88FA1760A6D7002591CF /* ContentReceiverView.m */ = {isa = PBXFileReference; fileEncoding = 4; lastKnownFileType = sourcecode.c.objc; path = ContentReceiverView.m; sourceTree = "<group>"; };
		5B2C88FC1760A86E002591CF /* DragableStaticContainer.h */ = {isa = PBXFileReference; fileEncoding = 4; lastKnownFileType = sourcecode.c.h; path = DragableStaticContainer.h; sourceTree = "<group>"; };
		5B2C88FD1760A86E002591CF /* DragableStaticContainer.m */ = {isa = PBXFileReference; fileEncoding = 4; lastKnownFileType = sourcecode.c.objc; path = DragableStaticContainer.m; sourceTree = "<group>"; };
		5B2EEEA4175F331B00CAD4AF /* DragAndDrop.app */ = {isa = PBXFileReference; explicitFileType = wrapper.application; includeInIndex = 0; path = DragAndDrop.app; sourceTree = BUILT_PRODUCTS_DIR; };
		5B2EEEA7175F331B00CAD4AF /* UIKit.framework */ = {isa = PBXFileReference; lastKnownFileType = wrapper.framework; name = UIKit.framework; path = System/Library/Frameworks/UIKit.framework; sourceTree = SDKROOT; };
		5B2EEEA9175F331B00CAD4AF /* Foundation.framework */ = {isa = PBXFileReference; lastKnownFileType = wrapper.framework; name = Foundation.framework; path = System/Library/Frameworks/Foundation.framework; sourceTree = SDKROOT; };
		5B2EEEAB175F331B00CAD4AF /* CoreGraphics.framework */ = {isa = PBXFileReference; lastKnownFileType = wrapper.framework; name = CoreGraphics.framework; path = System/Library/Frameworks/CoreGraphics.framework; sourceTree = SDKROOT; };
		5B2EEEAF175F331B00CAD4AF /* DragAndDrop-Info.plist */ = {isa = PBXFileReference; lastKnownFileType = text.plist.xml; path = "DragAndDrop-Info.plist"; sourceTree = "<group>"; };
		5B2EEEB1175F331B00CAD4AF /* en */ = {isa = PBXFileReference; lastKnownFileType = text.plist.strings; name = en; path = en.lproj/InfoPlist.strings; sourceTree = "<group>"; };
		5B2EEEB3175F331B00CAD4AF /* main.m */ = {isa = PBXFileReference; lastKnownFileType = sourcecode.c.objc; path = main.m; sourceTree = "<group>"; };
		5B2EEEB5175F331B00CAD4AF /* DragAndDrop-Prefix.pch */ = {isa = PBXFileReference; lastKnownFileType = sourcecode.c.h; path = "DragAndDrop-Prefix.pch"; sourceTree = "<group>"; };
		5B2EEEB6175F331B00CAD4AF /* AppDelegate.h */ = {isa = PBXFileReference; lastKnownFileType = sourcecode.c.h; path = AppDelegate.h; sourceTree = "<group>"; };
		5B2EEEB7175F331B00CAD4AF /* AppDelegate.m */ = {isa = PBXFileReference; lastKnownFileType = sourcecode.c.objc; path = AppDelegate.m; sourceTree = "<group>"; };
		5B2EEEB9175F331B00CAD4AF /* Default.png */ = {isa = PBXFileReference; lastKnownFileType = image.png; path = Default.png; sourceTree = "<group>"; };
		5B2EEEBB175F331B00CAD4AF /* Default@2x.png */ = {isa = PBXFileReference; lastKnownFileType = image.png; path = "Default@2x.png"; sourceTree = "<group>"; };
		5B2EEEBD175F331B00CAD4AF /* Default-568h@2x.png */ = {isa = PBXFileReference; lastKnownFileType = image.png; path = "Default-568h@2x.png"; sourceTree = "<group>"; };
		5B2EEEBF175F331B00CAD4AF /* ViewController.h */ = {isa = PBXFileReference; lastKnownFileType = sourcecode.c.h; path = ViewController.h; sourceTree = "<group>"; };
		5B2EEEC0175F331B00CAD4AF /* ViewController.m */ = {isa = PBXFileReference; lastKnownFileType = sourcecode.c.objc; path = ViewController.m; sourceTree = "<group>"; };
		5B2EEEC3175F331B00CAD4AF /* en */ = {isa = PBXFileReference; lastKnownFileType = file.xib; name = en; path = en.lproj/ViewController_iPhone.xib; sourceTree = "<group>"; };
		5B2EEEC6175F331B00CAD4AF /* en */ = {isa = PBXFileReference; lastKnownFileType = file.xib; name = en; path = en.lproj/ViewController_iPad.xib; sourceTree = "<group>"; };
		5B2EEED1175F36F500CAD4AF /* DragableListVC.h */ = {isa = PBXFileReference; fileEncoding = 4; lastKnownFileType = sourcecode.c.h; path = DragableListVC.h; sourceTree = "<group>"; };
		5B2EEED2175F36F500CAD4AF /* DragableListVC.m */ = {isa = PBXFileReference; fileEncoding = 4; lastKnownFileType = sourcecode.c.objc; path = DragableListVC.m; sourceTree = "<group>"; };
		5B2EEED4175F3D5F00CAD4AF /* DragableView.h */ = {isa = PBXFileReference; fileEncoding = 4; lastKnownFileType = sourcecode.c.h; path = DragableView.h; sourceTree = "<group>"; };
		5B2EEED5175F3D5F00CAD4AF /* DragableView.m */ = {isa = PBXFileReference; fileEncoding = 4; lastKnownFileType = sourcecode.c.objc; path = DragableView.m; sourceTree = "<group>"; };
		5B2EEED7175F476200CAD4AF /* DragDropManagerVC.h */ = {isa = PBXFileReference; fileEncoding = 4; lastKnownFileType = sourcecode.c.h; path = DragDropManagerVC.h; sourceTree = "<group>"; };
		5B2EEED8175F476200CAD4AF /* DragDropManagerVC.m */ = {isa = PBXFileReference; fileEncoding = 4; lastKnownFileType = sourcecode.c.objc; path = DragDropManagerVC.m; sourceTree = "<group>"; };
		5B670ABE1769B9EB0006BC96 /* EnableDisableView.h */ = {isa = PBXFileReference; fileEncoding = 4; lastKnownFileType = sourcecode.c.h; path = EnableDisableView.h; sourceTree = "<group>"; };
		5B670ABF1769B9EB0006BC96 /* EnableDisableView.m */ = {isa = PBXFileReference; fileEncoding = 4; lastKnownFileType = sourcecode.c.objc; path = EnableDisableView.m; sourceTree = "<group>"; };
		5B832B51176EDB45002A7BD3 /* bottom-disable@2x~ipad.png */ = {isa = PBXFileReference; lastKnownFileType = image.png; path = "bottom-disable@2x~ipad.png"; sourceTree = "<group>"; };
		5B832B52176EDB45002A7BD3 /* middle-disable@2x~ipad.png */ = {isa = PBXFileReference; lastKnownFileType = image.png; path = "middle-disable@2x~ipad.png"; sourceTree = "<group>"; };
		5B832B53176EDB45002A7BD3 /* top-disable@2x~ipad.png */ = {isa = PBXFileReference; lastKnownFileType = image.png; path = "top-disable@2x~ipad.png"; sourceTree = "<group>"; };
		5B832B55176EDB45002A7BD3 /* bottom-enable@2x~ipad.png */ = {isa = PBXFileReference; lastKnownFileType = image.png; path = "bottom-enable@2x~ipad.png"; sourceTree = "<group>"; };
		5B832B56176EDB45002A7BD3 /* middle-enable@2x~ipad.png */ = {isa = PBXFileReference; lastKnownFileType = image.png; path = "middle-enable@2x~ipad.png"; sourceTree = "<group>"; };
		5B832B57176EDB45002A7BD3 /* top-enable@2x~ipad.png */ = {isa = PBXFileReference; lastKnownFileType = image.png; path = "top-enable@2x~ipad.png"; sourceTree = "<group>"; };
		5B832B59176EDB45002A7BD3 /* bottom-normal@2x~ipad.png */ = {isa = PBXFileReference; lastKnownFileType = image.png; path = "bottom-normal@2x~ipad.png"; sourceTree = "<group>"; };
		5B832B5A176EDB45002A7BD3 /* middle-normal@2x~ipad.png */ = {isa = PBXFileReference; lastKnownFileType = image.png; path = "middle-normal@2x~ipad.png"; sourceTree = "<group>"; };
		5B832B5B176EDB45002A7BD3 /* top-normal@2x~ipad.png */ = {isa = PBXFileReference; lastKnownFileType = image.png; path = "top-normal@2x~ipad.png"; sourceTree = "<group>"; };
		5B9676BB176ADF87006873AD /* LabelScalableView.h */ = {isa = PBXFileReference; fileEncoding = 4; lastKnownFileType = sourcecode.c.h; path = LabelScalableView.h; sourceTree = "<group>"; };
		5B9676BC176ADF87006873AD /* LabelScalableView.m */ = {isa = PBXFileReference; fileEncoding = 4; lastKnownFileType = sourcecode.c.objc; path = LabelScalableView.m; sourceTree = "<group>"; };
		5B9676BE176AEF32006873AD /* ImageScalableView.h */ = {isa = PBXFileReference; fileEncoding = 4; lastKnownFileType = sourcecode.c.h; path = ImageScalableView.h; sourceTree = "<group>"; };
		5B9676BF176AEF32006873AD /* ImageScalableView.m */ = {isa = PBXFileReference; fileEncoding = 4; lastKnownFileType = sourcecode.c.objc; path = ImageScalableView.m; sourceTree = "<group>"; };
		5BCD2CA2175F528D00EA9299 /* doduck.png */ = {isa = PBXFileReference; lastKnownFileType = image.png; path = doduck.png; sourceTree = "<group>"; };
		5BCD2CA4175F53ED00EA9299 /* MultiZoneVC.h */ = {isa = PBXFileReference; fileEncoding = 4; lastKnownFileType = sourcecode.c.h; path = MultiZoneVC.h; sourceTree = "<group>"; };
		5BCD2CA5175F53ED00EA9299 /* MultiZoneVC.m */ = {isa = PBXFileReference; fileEncoding = 4; lastKnownFileType = sourcecode.c.objc; path = MultiZoneVC.m; sourceTree = "<group>"; };
		5BE08D03176038E50037658D /* ZoneView.h */ = {isa = PBXFileReference; fileEncoding = 4; lastKnownFileType = sourcecode.c.h; path = ZoneView.h; sourceTree = "<group>"; };
		5BE08D04176038E50037658D /* ZoneView.m */ = {isa = PBXFileReference; fileEncoding = 4; lastKnownFileType = sourcecode.c.objc; path = ZoneView.m; sourceTree = "<group>"; };
/* End PBXFileReference section */

/* Begin PBXFrameworksBuildPhase section */
		5B2EEEA1175F331B00CAD4AF /* Frameworks */ = {
			isa = PBXFrameworksBuildPhase;
			buildActionMask = 2147483647;
			files = (
				5B2EEEA8175F331B00CAD4AF /* UIKit.framework in Frameworks */,
				5B2EEEAA175F331B00CAD4AF /* Foundation.framework in Frameworks */,
				5B2EEEAC175F331B00CAD4AF /* CoreGraphics.framework in Frameworks */,
			);
			runOnlyForDeploymentPostprocessing = 0;
		};
/* End PBXFrameworksBuildPhase section */

/* Begin PBXGroup section */
		5B25C0FC17658D5B006F7096 /* util */ = {
			isa = PBXGroup;
			children = (
				5B25C0FD17658D6A006F7096 /* PassthroughView.h */,
				5B25C0FE17658D6A006F7096 /* PassthroughView.m */,
			);
			name = util;
			sourceTree = "<group>";
		};
		5B2EEE9B175F331B00CAD4AF = {
			isa = PBXGroup;
			children = (
				5B2EEECD175F333000CAD4AF /* Class */,
				5B2EEEAD175F331B00CAD4AF /* DragAndDrop */,
				5B2EEEA6175F331B00CAD4AF /* Frameworks */,
				5B2EEEA5175F331B00CAD4AF /* Products */,
			);
			sourceTree = "<group>";
		};
		5B2EEEA5175F331B00CAD4AF /* Products */ = {
			isa = PBXGroup;
			children = (
				5B2EEEA4175F331B00CAD4AF /* DragAndDrop.app */,
			);
			name = Products;
			sourceTree = "<group>";
		};
		5B2EEEA6175F331B00CAD4AF /* Frameworks */ = {
			isa = PBXGroup;
			children = (
				5B2EEEA7175F331B00CAD4AF /* UIKit.framework */,
				5B2EEEA9175F331B00CAD4AF /* Foundation.framework */,
				5B2EEEAB175F331B00CAD4AF /* CoreGraphics.framework */,
			);
			name = Frameworks;
			sourceTree = "<group>";
		};
		5B2EEEAD175F331B00CAD4AF /* DragAndDrop */ = {
			isa = PBXGroup;
			children = (
				5BCD2CA1175F528D00EA9299 /* img */,
				5B2EEEB6175F331B00CAD4AF /* AppDelegate.h */,
				5B2EEEB7175F331B00CAD4AF /* AppDelegate.m */,
				5B2EEEBF175F331B00CAD4AF /* ViewController.h */,
				5B2EEEC0175F331B00CAD4AF /* ViewController.m */,
				5B2EEEC2175F331B00CAD4AF /* ViewController_iPhone.xib */,
				5B2EEEC5175F331B00CAD4AF /* ViewController_iPad.xib */,
				5B2EEEAE175F331B00CAD4AF /* Supporting Files */,
			);
			path = DragAndDrop;
			sourceTree = "<group>";
		};
		5B2EEEAE175F331B00CAD4AF /* Supporting Files */ = {
			isa = PBXGroup;
			children = (
				5B2EEEAF175F331B00CAD4AF /* DragAndDrop-Info.plist */,
				5B2EEEB0175F331B00CAD4AF /* InfoPlist.strings */,
				5B2EEEB3175F331B00CAD4AF /* main.m */,
				5B2EEEB5175F331B00CAD4AF /* DragAndDrop-Prefix.pch */,
				5B2EEEB9175F331B00CAD4AF /* Default.png */,
				5B2EEEBB175F331B00CAD4AF /* Default@2x.png */,
				5B2EEEBD175F331B00CAD4AF /* Default-568h@2x.png */,
			);
			name = "Supporting Files";
			sourceTree = "<group>";
		};
		5B2EEECD175F333000CAD4AF /* Class */ = {
			isa = PBXGroup;
			children = (
				5B25C0FC17658D5B006F7096 /* util */,
				5B2EEED7175F476200CAD4AF /* DragDropManagerVC.h */,
				5B2EEED8175F476200CAD4AF /* DragDropManagerVC.m */,
				5BE08CFE1760229F0037658D /* DragableList */,
				5BE08CFF1760378F0037658D /* Zone */,
			);
			path = Class;
			sourceTree = "<group>";
		};
		5B832B4F176EDB45002A7BD3 /* dndCell */ = {
			isa = PBXGroup;
			children = (
				5B832B50176EDB45002A7BD3 /* disable */,
				5B832B54176EDB45002A7BD3 /* enable */,
				5B832B58176EDB45002A7BD3 /* normal */,
			);
			path = dndCell;
			sourceTree = "<group>";
		};
		5B832B50176EDB45002A7BD3 /* disable */ = {
			isa = PBXGroup;
			children = (
				5B832B51176EDB45002A7BD3 /* bottom-disable@2x~ipad.png */,
				5B832B52176EDB45002A7BD3 /* middle-disable@2x~ipad.png */,
				5B832B53176EDB45002A7BD3 /* top-disable@2x~ipad.png */,
			);
			path = disable;
			sourceTree = "<group>";
		};
		5B832B54176EDB45002A7BD3 /* enable */ = {
			isa = PBXGroup;
			children = (
				5B832B55176EDB45002A7BD3 /* bottom-enable@2x~ipad.png */,
				5B832B56176EDB45002A7BD3 /* middle-enable@2x~ipad.png */,
				5B832B57176EDB45002A7BD3 /* top-enable@2x~ipad.png */,
			);
			path = enable;
			sourceTree = "<group>";
		};
		5B832B58176EDB45002A7BD3 /* normal */ = {
			isa = PBXGroup;
			children = (
				5B832B59176EDB45002A7BD3 /* bottom-normal@2x~ipad.png */,
				5B832B5A176EDB45002A7BD3 /* middle-normal@2x~ipad.png */,
				5B832B5B176EDB45002A7BD3 /* top-normal@2x~ipad.png */,
			);
			path = normal;
			sourceTree = "<group>";
		};
		5B9676BA176ADF75006873AD /* ScalableView */ = {
			isa = PBXGroup;
			children = (
				5B9676BB176ADF87006873AD /* LabelScalableView.h */,
				5B9676BC176ADF87006873AD /* LabelScalableView.m */,
				5B9676BE176AEF32006873AD /* ImageScalableView.h */,
				5B9676BF176AEF32006873AD /* ImageScalableView.m */,
			);
			name = ScalableView;
			sourceTree = "<group>";
		};
		5BCD2CA1175F528D00EA9299 /* img */ = {
			isa = PBXGroup;
			children = (
				5B832B4F176EDB45002A7BD3 /* dndCell */,
				5B0368341761888E0050A4FF /* shoe.png */,
				5B03683217617EE00050A4FF /* hat.png */,
				5BCD2CA2175F528D00EA9299 /* doduck.png */,
			);
			path = img;
			sourceTree = "<group>";
		};
		5BE08CFE1760229F0037658D /* DragableList */ = {
			isa = PBXGroup;
			children = (
				5B9676BA176ADF75006873AD /* ScalableView */,
				5B670ABE1769B9EB0006BC96 /* EnableDisableView.h */,
				5B670ABF1769B9EB0006BC96 /* EnableDisableView.m */,
				5B2EEED1175F36F500CAD4AF /* DragableListVC.h */,
				5B2EEED2175F36F500CAD4AF /* DragableListVC.m */,
				5B2EEED4175F3D5F00CAD4AF /* DragableView.h */,
				5B2EEED5175F3D5F00CAD4AF /* DragableView.m */,
				5B2C88F61760A48E002591CF /* StaticView.h */,
				5B2C88F71760A48E002591CF /* StaticView.m */,
				5B2C88F91760A6D7002591CF /* ContentReceiverView.h */,
				5B2C88FA1760A6D7002591CF /* ContentReceiverView.m */,
				5B2C88FC1760A86E002591CF /* DragableStaticContainer.h */,
				5B2C88FD1760A86E002591CF /* DragableStaticContainer.m */,
			);
			name = DragableList;
			sourceTree = "<group>";
		};
		5BE08CFF1760378F0037658D /* Zone */ = {
			isa = PBXGroup;
			children = (
				5BCD2CA4175F53ED00EA9299 /* MultiZoneVC.h */,
				5BCD2CA5175F53ED00EA9299 /* MultiZoneVC.m */,
				5BE08D03176038E50037658D /* ZoneView.h */,
				5BE08D04176038E50037658D /* ZoneView.m */,
			);
			name = Zone;
			sourceTree = "<group>";
		};
/* End PBXGroup section */

/* Begin PBXNativeTarget section */
		5B2EEEA3175F331B00CAD4AF /* DragAndDrop */ = {
			isa = PBXNativeTarget;
			buildConfigurationList = 5B2EEECA175F331B00CAD4AF /* Build configuration list for PBXNativeTarget "DragAndDrop" */;
			buildPhases = (
				5B2EEEA0175F331B00CAD4AF /* Sources */,
				5B2EEEA1175F331B00CAD4AF /* Frameworks */,
				5B2EEEA2175F331B00CAD4AF /* Resources */,
			);
			buildRules = (
			);
			dependencies = (
			);
			name = DragAndDrop;
			productName = DragAndDrop;
			productReference = 5B2EEEA4175F331B00CAD4AF /* DragAndDrop.app */;
			productType = "com.apple.product-type.application";
		};
/* End PBXNativeTarget section */

/* Begin PBXProject section */
		5B2EEE9C175F331B00CAD4AF /* Project object */ = {
			isa = PBXProject;
			attributes = {
				LastUpgradeCheck = 0460;
				ORGANIZATIONNAME = doduck.com;
			};
			buildConfigurationList = 5B2EEE9F175F331B00CAD4AF /* Build configuration list for PBXProject "DragAndDrop" */;
			compatibilityVersion = "Xcode 3.2";
			developmentRegion = English;
			hasScannedForEncodings = 0;
			knownRegions = (
				en,
			);
			mainGroup = 5B2EEE9B175F331B00CAD4AF;
			productRefGroup = 5B2EEEA5175F331B00CAD4AF /* Products */;
			projectDirPath = "";
			projectRoot = "";
			targets = (
				5B2EEEA3175F331B00CAD4AF /* DragAndDrop */,
			);
		};
/* End PBXProject section */

/* Begin PBXResourcesBuildPhase section */
		5B2EEEA2175F331B00CAD4AF /* Resources */ = {
			isa = PBXResourcesBuildPhase;
			buildActionMask = 2147483647;
			files = (
				5B2EEEB2175F331B00CAD4AF /* InfoPlist.strings in Resources */,
				5B2EEEBA175F331B00CAD4AF /* Default.png in Resources */,
				5B2EEEBC175F331B00CAD4AF /* Default@2x.png in Resources */,
				5B2EEEBE175F331B00CAD4AF /* Default-568h@2x.png in Resources */,
				5B2EEEC4175F331B00CAD4AF /* ViewController_iPhone.xib in Resources */,
				5B2EEEC7175F331B00CAD4AF /* ViewController_iPad.xib in Resources */,
				5BCD2CA3175F528D00EA9299 /* doduck.png in Resources */,
				5B03683317617EE00050A4FF /* hat.png in Resources */,
				5B0368351761888E0050A4FF /* shoe.png in Resources */,
				5B832B5C176EDB45002A7BD3 /* bottom-disable@2x~ipad.png in Resources */,
				5B832B5D176EDB45002A7BD3 /* middle-disable@2x~ipad.png in Resources */,
				5B832B5E176EDB45002A7BD3 /* top-disable@2x~ipad.png in Resources */,
				5B832B5F176EDB45002A7BD3 /* bottom-enable@2x~ipad.png in Resources */,
				5B832B60176EDB45002A7BD3 /* middle-enable@2x~ipad.png in Resources */,
				5B832B61176EDB45002A7BD3 /* top-enable@2x~ipad.png in Resources */,
				5B832B62176EDB45002A7BD3 /* bottom-normal@2x~ipad.png in Resources */,
				5B832B63176EDB45002A7BD3 /* middle-normal@2x~ipad.png in Resources */,
				5B832B64176EDB45002A7BD3 /* top-normal@2x~ipad.png in Resources */,
			);
			runOnlyForDeploymentPostprocessing = 0;
		};
/* End PBXResourcesBuildPhase section */

/* Begin PBXSourcesBuildPhase section */
		5B2EEEA0175F331B00CAD4AF /* Sources */ = {
			isa = PBXSourcesBuildPhase;
			buildActionMask = 2147483647;
			files = (
				5B2EEEB4175F331B00CAD4AF /* main.m in Sources */,
				5B2EEEB8175F331B00CAD4AF /* AppDelegate.m in Sources */,
				5B2EEEC1175F331B00CAD4AF /* ViewController.m in Sources */,
				5B2EEED3175F36F500CAD4AF /* DragableListVC.m in Sources */,
				5B2EEED6175F3D5F00CAD4AF /* DragableView.m in Sources */,
				5B2EEED9175F476200CAD4AF /* DragDropManagerVC.m in Sources */,
				5BCD2CA6175F53ED00EA9299 /* MultiZoneVC.m in Sources */,
				5BE08D05176038E50037658D /* ZoneView.m in Sources */,
				5B2C88F81760A48E002591CF /* StaticView.m in Sources */,
				5B2C88FB1760A6D7002591CF /* ContentReceiverView.m in Sources */,
				5B2C88FE1760A86E002591CF /* DragableStaticContainer.m in Sources */,
				5B25C0FF17658D6A006F7096 /* PassthroughView.m in Sources */,
				5B670AC01769B9EB0006BC96 /* EnableDisableView.m in Sources */,
				5B9676BD176ADF87006873AD /* LabelScalableView.m in Sources */,
				5B9676C0176AEF32006873AD /* ImageScalableView.m in Sources */,
			);
			runOnlyForDeploymentPostprocessing = 0;
		};
/* End PBXSourcesBuildPhase section */

/* Begin PBXVariantGroup section */
		5B2EEEB0175F331B00CAD4AF /* InfoPlist.strings */ = {
			isa = PBXVariantGroup;
			children = (
				5B2EEEB1175F331B00CAD4AF /* en */,
			);
			name = InfoPlist.strings;
			sourceTree = "<group>";
		};
		5B2EEEC2175F331B00CAD4AF /* ViewController_iPhone.xib */ = {
			isa = PBXVariantGroup;
			children = (
				5B2EEEC3175F331B00CAD4AF /* en */,
			);
			name = ViewController_iPhone.xib;
			sourceTree = "<group>";
		};
		5B2EEEC5175F331B00CAD4AF /* ViewController_iPad.xib */ = {
			isa = PBXVariantGroup;
			children = (
				5B2EEEC6175F331B00CAD4AF /* en */,
			);
			name = ViewController_iPad.xib;
			sourceTree = "<group>";
		};
/* End PBXVariantGroup section */

/* Begin XCBuildConfiguration section */
		5B2EEEC8175F331B00CAD4AF /* Debug */ = {
			isa = XCBuildConfiguration;
			buildSettings = {
				ALWAYS_SEARCH_USER_PATHS = NO;
				CLANG_CXX_LANGUAGE_STANDARD = "gnu++0x";
				CLANG_CXX_LIBRARY = "libc++";
				CLANG_WARN_CONSTANT_CONVERSION = YES;
				CLANG_WARN_EMPTY_BODY = YES;
				CLANG_WARN_ENUM_CONVERSION = YES;
				CLANG_WARN_INT_CONVERSION = YES;
				CLANG_WARN__DUPLICATE_METHOD_MATCH = YES;
				"CODE_SIGN_IDENTITY[sdk=iphoneos*]" = "iPhone Developer";
				COPY_PHASE_STRIP = NO;
				GCC_C_LANGUAGE_STANDARD = gnu99;
				GCC_DYNAMIC_NO_PIC = NO;
				GCC_OPTIMIZATION_LEVEL = 0;
				GCC_PREPROCESSOR_DEFINITIONS = (
					"DEBUG=1",
					"$(inherited)",
				);
				GCC_SYMBOLS_PRIVATE_EXTERN = NO;
				GCC_WARN_ABOUT_RETURN_TYPE = YES;
				GCC_WARN_UNINITIALIZED_AUTOS = YES;
				GCC_WARN_UNUSED_VARIABLE = YES;
				IPHONEOS_DEPLOYMENT_TARGET = 6.1;
				ONLY_ACTIVE_ARCH = YES;
				SDKROOT = iphoneos;
				TARGETED_DEVICE_FAMILY = "1,2";
			};
			name = Debug;
		};
		5B2EEEC9175F331B00CAD4AF /* Release */ = {
			isa = XCBuildConfiguration;
			buildSettings = {
				ALWAYS_SEARCH_USER_PATHS = NO;
				CLANG_CXX_LANGUAGE_STANDARD = "gnu++0x";
				CLANG_CXX_LIBRARY = "libc++";
				CLANG_WARN_CONSTANT_CONVERSION = YES;
				CLANG_WARN_EMPTY_BODY = YES;
				CLANG_WARN_ENUM_CONVERSION = YES;
				CLANG_WARN_INT_CONVERSION = YES;
				CLANG_WARN__DUPLICATE_METHOD_MATCH = YES;
				"CODE_SIGN_IDENTITY[sdk=iphoneos*]" = "iPhone Developer";
				COPY_PHASE_STRIP = YES;
				GCC_C_LANGUAGE_STANDARD = gnu99;
				GCC_WARN_ABOUT_RETURN_TYPE = YES;
				GCC_WARN_UNINITIALIZED_AUTOS = YES;
				GCC_WARN_UNUSED_VARIABLE = YES;
				IPHONEOS_DEPLOYMENT_TARGET = 6.1;
				OTHER_CFLAGS = "-DNS_BLOCK_ASSERTIONS=1";
				SDKROOT = iphoneos;
				TARGETED_DEVICE_FAMILY = "1,2";
				VALIDATE_PRODUCT = YES;
			};
			name = Release;
		};
		5B2EEECB175F331B00CAD4AF /* Debug */ = {
			isa = XCBuildConfiguration;
			buildSettings = {
				GCC_PRECOMPILE_PREFIX_HEADER = YES;
				GCC_PREFIX_HEADER = "DragAndDrop/DragAndDrop-Prefix.pch";
				INFOPLIST_FILE = "DragAndDrop/DragAndDrop-Info.plist";
				PRODUCT_NAME = "$(TARGET_NAME)";
				TARGETED_DEVICE_FAMILY = 2;
				WRAPPER_EXTENSION = app;
			};
			name = Debug;
		};
		5B2EEECC175F331B00CAD4AF /* Release */ = {
			isa = XCBuildConfiguration;
			buildSettings = {
				GCC_PRECOMPILE_PREFIX_HEADER = YES;
				GCC_PREFIX_HEADER = "DragAndDrop/DragAndDrop-Prefix.pch";
				INFOPLIST_FILE = "DragAndDrop/DragAndDrop-Info.plist";
				PRODUCT_NAME = "$(TARGET_NAME)";
				TARGETED_DEVICE_FAMILY = 2;
				WRAPPER_EXTENSION = app;
			};
			name = Release;
		};
/* End XCBuildConfiguration section */

/* Begin XCConfigurationList section */
		5B2EEE9F175F331B00CAD4AF /* Build configuration list for PBXProject "DragAndDrop" */ = {
			isa = XCConfigurationList;
			buildConfigurations = (
				5B2EEEC8175F331B00CAD4AF /* Debug */,
				5B2EEEC9175F331B00CAD4AF /* Release */,
			);
			defaultConfigurationIsVisible = 0;
			defaultConfigurationName = Release;
		};
		5B2EEECA175F331B00CAD4AF /* Build configuration list for PBXNativeTarget "DragAndDrop" */ = {
			isa = XCConfigurationList;
			buildConfigurations = (
				5B2EEECB175F331B00CAD4AF /* Debug */,
				5B2EEECC175F331B00CAD4AF /* Release */,
			);
			defaultConfigurationIsVisible = 0;
			defaultConfigurationName = Release;
		};
/* End XCConfigurationList section */
	};
	rootObject = 5B2EEE9C175F331B00CAD4AF /* Project object */;
}
